// !$*UTF8*$!
{
	archiveVersion = 1;
	classes = {
	};
	objectVersion = 46;
	objects = {

/* Begin PBXBuildFile section */
		15FC6B191C40584600BE32C8 /* main.m in Sources */ = {isa = PBXBuildFile; fileRef = 15FC6B181C40584600BE32C8 /* main.m */; };
		15FC6B1C1C40584600BE32C8 /* AppDelegate.m in Sources */ = {isa = PBXBuildFile; fileRef = 15FC6B1B1C40584600BE32C8 /* AppDelegate.m */; };
		15FC6B241C40584600BE32C8 /* Assets.xcassets in Resources */ = {isa = PBXBuildFile; fileRef = 15FC6B231C40584600BE32C8 /* Assets.xcassets */; };
		15FC6B271C40584600BE32C8 /* LaunchScreen.storyboard in Resources */ = {isa = PBXBuildFile; fileRef = 15FC6B251C40584600BE32C8 /* LaunchScreen.storyboard */; };
		15FC6B361C40589F00BE32C8 /* OXFEDEDrawer.m in Sources */ = {isa = PBXBuildFile; fileRef = 15FC6B2F1C40589F00BE32C8 /* OXFEDEDrawer.m */; settings = {ASSET_TAGS = (); }; };
		15FC6B371C40589F00BE32C8 /* OXFEDEDrawerAppearanceDelegate.m in Sources */ = {isa = PBXBuildFile; fileRef = 15FC6B311C40589F00BE32C8 /* OXFEDEDrawerAppearanceDelegate.m */; settings = {ASSET_TAGS = (); }; };
		15FC6B381C40589F00BE32C8 /* RootViewController.m in Sources */ = {isa = PBXBuildFile; fileRef = 15FC6B331C40589F00BE32C8 /* RootViewController.m */; settings = {ASSET_TAGS = (); }; };
		15FC6B391C40589F00BE32C8 /* ViewController.m in Sources */ = {isa = PBXBuildFile; fileRef = 15FC6B351C40589F00BE32C8 /* ViewController.m */; settings = {ASSET_TAGS = (); }; };
		15FC6B3E1C40594C00BE32C8 /* MainScene.storyboard in Resources */ = {isa = PBXBuildFile; fileRef = 15FC6B3C1C40594C00BE32C8 /* MainScene.storyboard */; settings = {ASSET_TAGS = (); }; };
/* End PBXBuildFile section */

/* Begin PBXFileReference section */
		15FC6B141C40584600BE32C8 /* OXFEDEDrawer.app */ = {isa = PBXFileReference; explicitFileType = wrapper.application; includeInIndex = 0; path = OXFEDEDrawer.app; sourceTree = BUILT_PRODUCTS_DIR; };
		15FC6B181C40584600BE32C8 /* main.m */ = {isa = PBXFileReference; lastKnownFileType = sourcecode.c.objc; path = main.m; sourceTree = "<group>"; };
		15FC6B1A1C40584600BE32C8 /* AppDelegate.h */ = {isa = PBXFileReference; lastKnownFileType = sourcecode.c.h; path = AppDelegate.h; sourceTree = "<group>"; };
		15FC6B1B1C40584600BE32C8 /* AppDelegate.m */ = {isa = PBXFileReference; lastKnownFileType = sourcecode.c.objc; path = AppDelegate.m; sourceTree = "<group>"; };
		15FC6B231C40584600BE32C8 /* Assets.xcassets */ = {isa = PBXFileReference; lastKnownFileType = folder.assetcatalog; path = Assets.xcassets; sourceTree = "<group>"; };
		15FC6B261C40584600BE32C8 /* Base */ = {isa = PBXFileReference; lastKnownFileType = file.storyboard; name = Base; path = Base.lproj/LaunchScreen.storyboard; sourceTree = "<group>"; };
		15FC6B281C40584600BE32C8 /* Info.plist */ = {isa = PBXFileReference; lastKnownFileType = text.plist.xml; path = Info.plist; sourceTree = "<group>"; };
		15FC6B2E1C40589F00BE32C8 /* OXFEDEDrawer.h */ = {isa = PBXFileReference; fileEncoding = 4; lastKnownFileType = sourcecode.c.h; path = OXFEDEDrawer.h; sourceTree = "<group>"; };
		15FC6B2F1C40589F00BE32C8 /* OXFEDEDrawer.m */ = {isa = PBXFileReference; fileEncoding = 4; lastKnownFileType = sourcecode.c.objc; path = OXFEDEDrawer.m; sourceTree = "<group>"; };
		15FC6B301C40589F00BE32C8 /* OXFEDEDrawerAppearanceDelegate.h */ = {isa = PBXFileReference; fileEncoding = 4; lastKnownFileType = sourcecode.c.h; path = OXFEDEDrawerAppearanceDelegate.h; sourceTree = "<group>"; };
		15FC6B311C40589F00BE32C8 /* OXFEDEDrawerAppearanceDelegate.m */ = {isa = PBXFileReference; fileEncoding = 4; lastKnownFileType = sourcecode.c.objc; path = OXFEDEDrawerAppearanceDelegate.m; sourceTree = "<group>"; };
		15FC6B321C40589F00BE32C8 /* RootViewController.h */ = {isa = PBXFileReference; fileEncoding = 4; lastKnownFileType = sourcecode.c.h; path = RootViewController.h; sourceTree = "<group>"; };
		15FC6B331C40589F00BE32C8 /* RootViewController.m */ = {isa = PBXFileReference; fileEncoding = 4; lastKnownFileType = sourcecode.c.objc; path = RootViewController.m; sourceTree = "<group>"; };
		15FC6B341C40589F00BE32C8 /* ViewController.h */ = {isa = PBXFileReference; fileEncoding = 4; lastKnownFileType = sourcecode.c.h; path = ViewController.h; sourceTree = "<group>"; };
		15FC6B351C40589F00BE32C8 /* ViewController.m */ = {isa = PBXFileReference; fileEncoding = 4; lastKnownFileType = sourcecode.c.objc; path = ViewController.m; sourceTree = "<group>"; };
		15FC6B3D1C40594C00BE32C8 /* Base */ = {isa = PBXFileReference; lastKnownFileType = file.storyboard; name = Base; path = Base.lproj/MainScene.storyboard; sourceTree = "<group>"; };
/* End PBXFileReference section */

/* Begin PBXFrameworksBuildPhase section */
		15FC6B111C40584600BE32C8 /* Frameworks */ = {
			isa = PBXFrameworksBuildPhase;
			buildActionMask = 2147483647;
			files = (
			);
			runOnlyForDeploymentPostprocessing = 0;
		};
/* End PBXFrameworksBuildPhase section */

/* Begin PBXGroup section */
		15FC6B0B1C40584600BE32C8 = {
			isa = PBXGroup;
			children = (
				15FC6B161C40584600BE32C8 /* OXFEDEDrawer */,
				15FC6B151C40584600BE32C8 /* Products */,
			);
			sourceTree = "<group>";
		};
		15FC6B151C40584600BE32C8 /* Products */ = {
			isa = PBXGroup;
			children = (
				15FC6B141C40584600BE32C8 /* OXFEDEDrawer.app */,
			);
			name = Products;
			sourceTree = "<group>";
		};
		15FC6B161C40584600BE32C8 /* OXFEDEDrawer */ = {
			isa = PBXGroup;
			children = (
				15FC6B2E1C40589F00BE32C8 /* OXFEDEDrawer.h */,
				15FC6B2F1C40589F00BE32C8 /* OXFEDEDrawer.m */,
				15FC6B301C40589F00BE32C8 /* OXFEDEDrawerAppearanceDelegate.h */,
				15FC6B311C40589F00BE32C8 /* OXFEDEDrawerAppearanceDelegate.m */,
				15FC6B321C40589F00BE32C8 /* RootViewController.h */,
				15FC6B331C40589F00BE32C8 /* RootViewController.m */,
				15FC6B341C40589F00BE32C8 /* ViewController.h */,
				15FC6B351C40589F00BE32C8 /* ViewController.m */,
				15FC6B1A1C40584600BE32C8 /* AppDelegate.h */,
				15FC6B1B1C40584600BE32C8 /* AppDelegate.m */,
				15FC6B231C40584600BE32C8 /* Assets.xcassets */,
				15FC6B251C40584600BE32C8 /* LaunchScreen.storyboard */,
				15FC6B3C1C40594C00BE32C8 /* MainScene.storyboard */,
				15FC6B281C40584600BE32C8 /* Info.plist */,
				15FC6B171C40584600BE32C8 /* Supporting Files */,
			);
			name = OXFEDEDrawer;
			path = F3DEDrawer;
			sourceTree = "<group>";
		};
		15FC6B171C40584600BE32C8 /* Supporting Files */ = {
			isa = PBXGroup;
			children = (
				15FC6B181C40584600BE32C8 /* main.m */,
			);
			name = "Supporting Files";
			sourceTree = "<group>";
		};
/* End PBXGroup section */

/* Begin PBXNativeTarget section */
		15FC6B131C40584600BE32C8 /* OXFEDEDrawer */ = {
			isa = PBXNativeTarget;
			buildConfigurationList = 15FC6B2B1C40584600BE32C8 /* Build configuration list for PBXNativeTarget "OXFEDEDrawer" */;
			buildPhases = (
				15FC6B101C40584600BE32C8 /* Sources */,
				15FC6B111C40584600BE32C8 /* Frameworks */,
				15FC6B121C40584600BE32C8 /* Resources */,
			);
			buildRules = (
			);
			dependencies = (
			);
			name = OXFEDEDrawer;
			productName = F3DEDrawer;
			productReference = 15FC6B141C40584600BE32C8 /* OXFEDEDrawer.app */;
			productType = "com.apple.product-type.application";
		};
/* End PBXNativeTarget section */

/* Begin PBXProject section */
		15FC6B0C1C40584600BE32C8 /* Project object */ = {
			isa = PBXProject;
			attributes = {
				LastUpgradeCheck = 0700;
				ORGANIZATIONNAME = 0XFEDE;
				TargetAttributes = {
					15FC6B131C40584600BE32C8 = {
						CreatedOnToolsVersion = 7.0.1;
					};
				};
			};
			buildConfigurationList = 15FC6B0F1C40584600BE32C8 /* Build configuration list for PBXProject "OXFEDEDrawer" */;
			compatibilityVersion = "Xcode 3.2";
			developmentRegion = English;
			hasScannedForEncodings = 0;
			knownRegions = (
				en,
				Base,
			);
			mainGroup = 15FC6B0B1C40584600BE32C8;
			productRefGroup = 15FC6B151C40584600BE32C8 /* Products */;
			projectDirPath = "";
			projectRoot = "";
			targets = (
				15FC6B131C40584600BE32C8 /* OXFEDEDrawer */,
			);
		};
/* End PBXProject section */

/* Begin PBXResourcesBuildPhase section */
		15FC6B121C40584600BE32C8 /* Resources */ = {
			isa = PBXResourcesBuildPhase;
			buildActionMask = 2147483647;
			files = (
				15FC6B271C40584600BE32C8 /* LaunchScreen.storyboard in Resources */,
				15FC6B241C40584600BE32C8 /* Assets.xcassets in Resources */,
				15FC6B3E1C40594C00BE32C8 /* MainScene.storyboard in Resources */,
			);
			runOnlyForDeploymentPostprocessing = 0;
		};
/* End PBXResourcesBuildPhase section */

/* Begin PBXSourcesBuildPhase section */
		15FC6B101C40584600BE32C8 /* Sources */ = {
			isa = PBXSourcesBuildPhase;
			buildActionMask = 2147483647;
			files = (
				15FC6B391C40589F00BE32C8 /* ViewController.m in Sources */,
				15FC6B361C40589F00BE32C8 /* OXFEDEDrawer.m in Sources */,
				15FC6B1C1C40584600BE32C8 /* AppDelegate.m in Sources */,
				15FC6B191C40584600BE32C8 /* main.m in Sources */,
				15FC6B371C40589F00BE32C8 /* OXFEDEDrawerAppearanceDelegate.m in Sources */,
				15FC6B381C40589F00BE32C8 /* RootViewController.m in Sources */,
			);
			runOnlyForDeploymentPostprocessing = 0;
		};
/* End PBXSourcesBuildPhase section */

/* Begin PBXVariantGroup section */
		15FC6B251C40584600BE32C8 /* LaunchScreen.storyboard */ = {
			isa = PBXVariantGroup;
			children = (
				15FC6B261C40584600BE32C8 /* Base */,
			);
			name = LaunchScreen.storyboard;
			sourceTree = "<group>";
		};
		15FC6B3C1C40594C00BE32C8 /* MainScene.storyboard */ = {
			isa = PBXVariantGroup;
			children = (
				15FC6B3D1C40594C00BE32C8 /* Base */,
			);
			name = MainScene.storyboard;
			sourceTree = "<group>";
		};
/* End PBXVariantGroup section */

/* Begin XCBuildConfiguration section */
		15FC6B291C40584600BE32C8 /* Debug */ = {
			isa = XCBuildConfiguration;
			buildSettings = {
				ALWAYS_SEARCH_USER_PATHS = NO;
				CLANG_CXX_LANGUAGE_STANDARD = "gnu++0x";
				CLANG_CXX_LIBRARY = "libc++";
				CLANG_ENABLE_MODULES = YES;
				CLANG_ENABLE_OBJC_ARC = YES;
				CLANG_WARN_BOOL_CONVERSION = YES;
				CLANG_WARN_CONSTANT_CONVERSION = YES;
				CLANG_WARN_DIRECT_OBJC_ISA_USAGE = YES_ERROR;
				CLANG_WARN_EMPTY_BODY = YES;
				CLANG_WARN_ENUM_CONVERSION = YES;
				CLANG_WARN_INT_CONVERSION = YES;
				CLANG_WARN_OBJC_ROOT_CLASS = YES_ERROR;
				CLANG_WARN_UNREACHABLE_CODE = YES;
				CLANG_WARN__DUPLICATE_METHOD_MATCH = YES;
				"CODE_SIGN_IDENTITY[sdk=iphoneos*]" = "iPhone Developer";
				COPY_PHASE_STRIP = NO;
				DEBUG_INFORMATION_FORMAT = dwarf;
				ENABLE_STRICT_OBJC_MSGSEND = YES;
				ENABLE_TESTABILITY = YES;
				GCC_C_LANGUAGE_STANDARD = gnu99;
				GCC_DYNAMIC_NO_PIC = NO;
				GCC_NO_COMMON_BLOCKS = YES;
				GCC_OPTIMIZATION_LEVEL = 0;
				GCC_PREPROCESSOR_DEFINITIONS = (
					"DEBUG=1",
					"$(inherited)",
				);
				GCC_WARN_64_TO_32_BIT_CONVERSION = YES;
				GCC_WARN_ABOUT_RETURN_TYPE = YES_ERROR;
				GCC_WARN_UNDECLARED_SELECTOR = YES;
				GCC_WARN_UNINITIALIZED_AUTOS = YES_AGGRESSIVE;
				GCC_WARN_UNUSED_FUNCTION = YES;
				GCC_WARN_UNUSED_VARIABLE = YES;
				IPHONEOS_DEPLOYMENT_TARGET = 9.0;
				MTL_ENABLE_DEBUG_INFO = YES;
				ONLY_ACTIVE_ARCH = YES;
				SDKROOT = iphoneos;
				TARGETED_DEVICE_FAMILY = "1,2";
			};
			name = Debug;
		};
		15FC6B2A1C40584600BE32C8 /* Release */ = {
			isa = XCBuildConfiguration;
			buildSettings = {
				ALWAYS_SEARCH_USER_PATHS = NO;
				CLANG_CXX_LANGUAGE_STANDARD = "gnu++0x";
				CLANG_CXX_LIBRARY = "libc++";
				CLANG_ENABLE_MODULES = YES;
				CLANG_ENABLE_OBJC_ARC = YES;
				CLANG_WARN_BOOL_CONVERSION = YES;
				CLANG_WARN_CONSTANT_CONVERSION = YES;
				CLANG_WARN_DIRECT_OBJC_ISA_USAGE = YES_ERROR;
				CLANG_WARN_EMPTY_BODY = YES;
				CLANG_WARN_ENUM_CONVERSION = YES;
				CLANG_WARN_INT_CONVERSION = YES;
				CLANG_WARN_OBJC_ROOT_CLASS = YES_ERROR;
				CLANG_WARN_UNREACHABLE_CODE = YES;
				CLANG_WARN__DUPLICATE_METHOD_MATCH = YES;
				"CODE_SIGN_IDENTITY[sdk=iphoneos*]" = "iPhone Developer";
				COPY_PHASE_STRIP = NO;
				DEBUG_INFORMATION_FORMAT = "dwarf-with-dsym";
				ENABLE_NS_ASSERTIONS = NO;
				ENABLE_STRICT_OBJC_MSGSEND = YES;
				GCC_C_LANGUAGE_STANDARD = gnu99;
				GCC_NO_COMMON_BLOCKS = YES;
				GCC_WARN_64_TO_32_BIT_CONVERSION = YES;
				GCC_WARN_ABOUT_RETURN_TYPE = YES_ERROR;
				GCC_WARN_UNDECLARED_SELECTOR = YES;
				GCC_WARN_UNINITIALIZED_AUTOS = YES_AGGRESSIVE;
				GCC_WARN_UNUSED_FUNCTION = YES;
				GCC_WARN_UNUSED_VARIABLE = YES;
				IPHONEOS_DEPLOYMENT_TARGET = 9.0;
				MTL_ENABLE_DEBUG_INFO = NO;
				SDKROOT = iphoneos;
				TARGETED_DEVICE_FAMILY = "1,2";
				VALIDATE_PRODUCT = YES;
			};
			name = Release;
		};
		15FC6B2C1C40584600BE32C8 /* Debug */ = {
			isa = XCBuildConfiguration;
			buildSettings = {
				ASSETCATALOG_COMPILER_APPICON_NAME = AppIcon;
				INFOPLIST_FILE = F3DEDrawer/Info.plist;
				LD_RUNPATH_SEARCH_PATHS = "$(inherited) @executable_path/Frameworks";
				PRODUCT_BUNDLE_IDENTIFIER = com.0XFEDE.F3DEDrawer;
				PRODUCT_NAME = OXFEDEDrawer;
			};
			name = Debug;
		};
		15FC6B2D1C40584600BE32C8 /* Release */ = {
			isa = XCBuildConfiguration;
			buildSettings = {
				ASSETCATALOG_COMPILER_APPICON_NAME = AppIcon;
				INFOPLIST_FILE = F3DEDrawer/Info.plist;
				LD_RUNPATH_SEARCH_PATHS = "$(inherited) @executable_path/Frameworks";
				PRODUCT_BUNDLE_IDENTIFIER = com.0XFEDE.F3DEDrawer;
				PRODUCT_NAME = OXFEDEDrawer;
			};
			name = Release;
		};
/* End XCBuildConfiguration section */

/* Begin XCConfigurationList section */
		15FC6B0F1C40584600BE32C8 /* Build configuration list for PBXProject "OXFEDEDrawer" */ = {
			isa = XCConfigurationList;
			buildConfigurations = (
				15FC6B291C40584600BE32C8 /* Debug */,
				15FC6B2A1C40584600BE32C8 /* Release */,
			);
			defaultConfigurationIsVisible = 0;
			defaultConfigurationName = Release;
		};
		15FC6B2B1C40584600BE32C8 /* Build configuration list for PBXNativeTarget "OXFEDEDrawer" */ = {
			isa = XCConfigurationList;
			buildConfigurations = (
				15FC6B2C1C40584600BE32C8 /* Debug */,
				15FC6B2D1C40584600BE32C8 /* Release */,
			);
			defaultConfigurationIsVisible = 0;
			defaultConfigurationName = Release;
		};
/* End XCConfigurationList section */
	};
	rootObject = 15FC6B0C1C40584600BE32C8 /* Project object */;
}
